
Microsoft Visual Studio Solution File, Format Version 12.00
# Visual Studio 15
VisualStudioVersion = 15.0.27130.2020
MinimumVisualStudioVersion = 10.0.40219.1
Project("{FAE04EC0-301F-11D3-BF4B-00C04F79EFBC}") = "MiniMicrosoftAccess2018", "MiniMicrosoftAccess2018\MiniMicrosoftAccess2018.csproj", "{00E0CBCF-767F-4036-9A26-760B56CC815F}"
EndProject
Global
	GlobalSection(SolutionConfigurationPlatforms) = preSolution
		Debug|Any CPU = Debug|Any CPU
		Release|Any CPU = Release|Any CPU
	EndGlobalSection
	GlobalSection(ProjectConfigurationPlatforms) = postSolution
		{00E0CBCF-767F-4036-9A26-760B56CC815F}.Debug|Any CPU.ActiveCfg = Debug|Any CPU
		{00E0CBCF-767F-4036-9A26-760B56CC815F}.Debug|Any CPU.Build.0 = Debug|Any CPU
		{00E0CBCF-767F-4036-9A26-760B56CC815F}.Release|Any CPU.ActiveCfg = Release|Any CPU
		{00E0CBCF-767F-4036-9A26-760B56CC815F}.Release|Any CPU.Build.0 = Release|Any CPU
	EndGlobalSection
	GlobalSection(SolutionProperties) = preSolution
		HideSolutionNode = FALSE
	EndGlobalSection
	GlobalSection(ExtensibilityGlobals) = postSolution
		SolutionGuid = {C160A9B5-6106-4316-99E9-E3F74888E628}
	EndGlobalSection
EndGlobal
